
Microsoft Visual Studio Solution File, Format Version 12.00
# Visual Studio Version 16
VisualStudioVersion = 16.0.31019.35
MinimumVisualStudioVersion = 10.0.40219.1
Project("{FAE04EC0-301F-11D3-BF4B-00C04F79EFBC}") = "David Dienststart", "David Dienststart\David Dienststart.csproj", "{BE20A1BB-4BB5-4CE9-B4B3-17EC56689083}"
EndProject
Project("{FAE04EC0-301F-11D3-BF4B-00C04F79EFBC}") = "nUnit-Test", "nUnit-Test\nUnit-Test.csproj", "{F2139E80-4FE7-48D4-8B73-FCFDDA47D18A}"
EndProject
Global
	GlobalSection(SolutionConfigurationPlatforms) = preSolution
		Debug|Any CPU = Debug|Any CPU
		Release|Any CPU = Release|Any CPU
	EndGlobalSection
	GlobalSection(ProjectConfigurationPlatforms) = postSolution
		{BE20A1BB-4BB5-4CE9-B4B3-17EC56689083}.Debug|Any CPU.ActiveCfg = Debug|Any CPU
		{BE20A1BB-4BB5-4CE9-B4B3-17EC56689083}.Debug|Any CPU.Build.0 = Debug|Any CPU
		{BE20A1BB-4BB5-4CE9-B4B3-17EC56689083}.Release|Any CPU.ActiveCfg = Release|Any CPU
		{BE20A1BB-4BB5-4CE9-B4B3-17EC56689083}.Release|Any CPU.Build.0 = Release|Any CPU
		{F2139E80-4FE7-48D4-8B73-FCFDDA47D18A}.Debug|Any CPU.ActiveCfg = Debug|Any CPU
		{F2139E80-4FE7-48D4-8B73-FCFDDA47D18A}.Debug|Any CPU.Build.0 = Debug|Any CPU
		{F2139E80-4FE7-48D4-8B73-FCFDDA47D18A}.Release|Any CPU.ActiveCfg = Release|Any CPU
		{F2139E80-4FE7-48D4-8B73-FCFDDA47D18A}.Release|Any CPU.Build.0 = Release|Any CPU
	EndGlobalSection
	GlobalSection(SolutionProperties) = preSolution
		HideSolutionNode = FALSE
	EndGlobalSection
	GlobalSection(ExtensibilityGlobals) = postSolution
		SolutionGuid = {1706169F-4312-4509-87E1-1C7F90A6D6AA}
	EndGlobalSection
EndGlobal
